// !$*UTF8*$!
{
	archiveVersion = 1;
	classes = {
	};
	objectVersion = 56;
	objects = {

/* Begin PBXBuildFile section */
		1D0941912CB0526800E4F5D4 /* LocationsListView.swift in Sources */ = {isa = PBXBuildFile; fileRef = 1D0941902CB0526800E4F5D4 /* LocationsListView.swift */; };
		1D0941932CB0865100E4F5D4 /* LocationPreviewView.swift in Sources */ = {isa = PBXBuildFile; fileRef = 1D0941922CB0865100E4F5D4 /* LocationPreviewView.swift */; };
		1D111B1E2CAD7D7100CD860D /* MyMapAppSwiftUIApp.swift in Sources */ = {isa = PBXBuildFile; fileRef = 1D111B1D2CAD7D7100CD860D /* MyMapAppSwiftUIApp.swift */; };
		1D111B202CAD7D7100CD860D /* ContentView.swift in Sources */ = {isa = PBXBuildFile; fileRef = 1D111B1F2CAD7D7100CD860D /* ContentView.swift */; };
		1D111B222CAD7D7400CD860D /* Assets.xcassets in Resources */ = {isa = PBXBuildFile; fileRef = 1D111B212CAD7D7400CD860D /* Assets.xcassets */; };
		1D111B252CAD7D7400CD860D /* Preview Assets.xcassets in Resources */ = {isa = PBXBuildFile; fileRef = 1D111B242CAD7D7400CD860D /* Preview Assets.xcassets */; };
		1D111B2F2CAD834C00CD860D /* Location.swift in Sources */ = {isa = PBXBuildFile; fileRef = 1D111B2E2CAD834C00CD860D /* Location.swift */; };
		1D111B322CAD879D00CD860D /* LocalDataService.swift in Sources */ = {isa = PBXBuildFile; fileRef = 1D111B312CAD879D00CD860D /* LocalDataService.swift */; };
		1D111B342CAD8FCE00CD860D /* LocationsView.swift in Sources */ = {isa = PBXBuildFile; fileRef = 1D111B332CAD8FCE00CD860D /* LocationsView.swift */; };
		1D111B362CAD8FE200CD860D /* LocationsViewModel.swift in Sources */ = {isa = PBXBuildFile; fileRef = 1D111B352CAD8FE200CD860D /* LocationsViewModel.swift */; };
		1DFF03D52CB1D24E0097584D /* LocationMapAnnotationView.swift in Sources */ = {isa = PBXBuildFile; fileRef = 1DFF03D42CB1D24E0097584D /* LocationMapAnnotationView.swift */; };
		1DFF03D72CB2A00B0097584D /* LocationDetailView.swift in Sources */ = {isa = PBXBuildFile; fileRef = 1DFF03D62CB2A00B0097584D /* LocationDetailView.swift */; };
		F0638CDC2D40777F003525AD /* Router.swift in Sources */ = {isa = PBXBuildFile; fileRef = F0638CDB2D40777F003525AD /* Router.swift */; };
		F0638CDE2D408AA4003525AD /* AuthViewModel.swift in Sources */ = {isa = PBXBuildFile; fileRef = F0638CDD2D408AA4003525AD /* AuthViewModel.swift */; };
		F0638CE12D4093F2003525AD /* SwiftfulRouting in Frameworks */ = {isa = PBXBuildFile; productRef = F0638CE02D4093F2003525AD /* SwiftfulRouting */; };
		F06D7F122D4018E500DAF690 /* NewLocationView.swift in Sources */ = {isa = PBXBuildFile; fileRef = F06D7F112D4018E500DAF690 /* NewLocationView.swift */; };
		F06D7F142D40203100DAF690 /* SelectLocationView.swift in Sources */ = {isa = PBXBuildFile; fileRef = F06D7F132D40203100DAF690 /* SelectLocationView.swift */; };
		F06D7F162D40395E00DAF690 /* NewLocationViewModel.swift in Sources */ = {isa = PBXBuildFile; fileRef = F06D7F152D40395E00DAF690 /* NewLocationViewModel.swift */; };
		F06D7F192D404EB200DAF690 /* LoginView.swift in Sources */ = {isa = PBXBuildFile; fileRef = F06D7F182D404EB200DAF690 /* LoginView.swift */; };
		F06D7F1B2D405E6900DAF690 /* RegisterView.swift in Sources */ = {isa = PBXBuildFile; fileRef = F06D7F1A2D405E6900DAF690 /* RegisterView.swift */; };
		F07764802D4177EF00165CFC /* FirebaseAnalytics in Frameworks */ = {isa = PBXBuildFile; productRef = F077647F2D4177EF00165CFC /* FirebaseAnalytics */; };
		F07764822D4177EF00165CFC /* FirebaseAnalyticsOnDeviceConversion in Frameworks */ = {isa = PBXBuildFile; productRef = F07764812D4177EF00165CFC /* FirebaseAnalyticsOnDeviceConversion */; };
		F07764842D4177EF00165CFC /* FirebaseAnalyticsWithoutAdIdSupport in Frameworks */ = {isa = PBXBuildFile; productRef = F07764832D4177EF00165CFC /* FirebaseAnalyticsWithoutAdIdSupport */; };
		F07764862D4177EF00165CFC /* FirebaseAppCheck in Frameworks */ = {isa = PBXBuildFile; productRef = F07764852D4177EF00165CFC /* FirebaseAppCheck */; };
		F07764882D4177EF00165CFC /* FirebaseAppDistribution-Beta in Frameworks */ = {isa = PBXBuildFile; productRef = F07764872D4177EF00165CFC /* FirebaseAppDistribution-Beta */; };
		F077648A2D4177EF00165CFC /* FirebaseAuth in Frameworks */ = {isa = PBXBuildFile; productRef = F07764892D4177EF00165CFC /* FirebaseAuth */; };
		F077648C2D4177EF00165CFC /* FirebaseAuthCombine-Community in Frameworks */ = {isa = PBXBuildFile; productRef = F077648B2D4177EF00165CFC /* FirebaseAuthCombine-Community */; };
		F077648E2D4177EF00165CFC /* FirebaseCore in Frameworks */ = {isa = PBXBuildFile; productRef = F077648D2D4177EF00165CFC /* FirebaseCore */; };
		F07764902D4177EF00165CFC /* FirebaseCrashlytics in Frameworks */ = {isa = PBXBuildFile; productRef = F077648F2D4177EF00165CFC /* FirebaseCrashlytics */; };
		F07764922D4177EF00165CFC /* FirebaseDatabase in Frameworks */ = {isa = PBXBuildFile; productRef = F07764912D4177EF00165CFC /* FirebaseDatabase */; };
		F07764942D4177EF00165CFC /* FirebaseDynamicLinks in Frameworks */ = {isa = PBXBuildFile; productRef = F07764932D4177EF00165CFC /* FirebaseDynamicLinks */; };
		F07764962D4177EF00165CFC /* FirebaseFirestore in Frameworks */ = {isa = PBXBuildFile; productRef = F07764952D4177EF00165CFC /* FirebaseFirestore */; };
		F07764982D4177EF00165CFC /* FirebaseFirestoreCombine-Community in Frameworks */ = {isa = PBXBuildFile; productRef = F07764972D4177EF00165CFC /* FirebaseFirestoreCombine-Community */; };
		F077649A2D4177EF00165CFC /* FirebaseFunctions in Frameworks */ = {isa = PBXBuildFile; productRef = F07764992D4177EF00165CFC /* FirebaseFunctions */; };
		F077649C2D4177EF00165CFC /* FirebaseFunctionsCombine-Community in Frameworks */ = {isa = PBXBuildFile; productRef = F077649B2D4177EF00165CFC /* FirebaseFunctionsCombine-Community */; };
		F077649E2D4177EF00165CFC /* FirebaseInAppMessaging-Beta in Frameworks */ = {isa = PBXBuildFile; productRef = F077649D2D4177EF00165CFC /* FirebaseInAppMessaging-Beta */; };
		F07764A02D4177EF00165CFC /* FirebaseInstallations in Frameworks */ = {isa = PBXBuildFile; productRef = F077649F2D4177EF00165CFC /* FirebaseInstallations */; };
		F07764A22D4177EF00165CFC /* FirebaseMLModelDownloader in Frameworks */ = {isa = PBXBuildFile; productRef = F07764A12D4177EF00165CFC /* FirebaseMLModelDownloader */; };
		F07764A42D4177EF00165CFC /* FirebaseMessaging in Frameworks */ = {isa = PBXBuildFile; productRef = F07764A32D4177EF00165CFC /* FirebaseMessaging */; };
		F07764A62D4177EF00165CFC /* FirebasePerformance in Frameworks */ = {isa = PBXBuildFile; productRef = F07764A52D4177EF00165CFC /* FirebasePerformance */; };
		F07764A82D4177EF00165CFC /* FirebaseRemoteConfig in Frameworks */ = {isa = PBXBuildFile; productRef = F07764A72D4177EF00165CFC /* FirebaseRemoteConfig */; };
		F07764AA2D4177EF00165CFC /* FirebaseStorage in Frameworks */ = {isa = PBXBuildFile; productRef = F07764A92D4177EF00165CFC /* FirebaseStorage */; };
		F07764AC2D4177EF00165CFC /* FirebaseStorageCombine-Community in Frameworks */ = {isa = PBXBuildFile; productRef = F07764AB2D4177EF00165CFC /* FirebaseStorageCombine-Community */; };
		F07764AE2D4177EF00165CFC /* FirebaseVertexAI in Frameworks */ = {isa = PBXBuildFile; productRef = F07764AD2D4177EF00165CFC /* FirebaseVertexAI */; };
		F07764B02D4179F400165CFC /* GoogleService-Info.plist in Resources */ = {isa = PBXBuildFile; fileRef = F07764AF2D4179F400165CFC /* GoogleService-Info.plist */; };
/* End PBXBuildFile section */

/* Begin PBXFileReference section */
		1D0941902CB0526800E4F5D4 /* LocationsListView.swift */ = {isa = PBXFileReference; lastKnownFileType = sourcecode.swift; path = LocationsListView.swift; sourceTree = "<group>"; };
		1D0941922CB0865100E4F5D4 /* LocationPreviewView.swift */ = {isa = PBXFileReference; lastKnownFileType = sourcecode.swift; path = LocationPreviewView.swift; sourceTree = "<group>"; };
		1D111B1A2CAD7D7100CD860D /* MyMapAppSwiftUI.app */ = {isa = PBXFileReference; explicitFileType = wrapper.application; includeInIndex = 0; path = MyMapAppSwiftUI.app; sourceTree = BUILT_PRODUCTS_DIR; };
		1D111B1D2CAD7D7100CD860D /* MyMapAppSwiftUIApp.swift */ = {isa = PBXFileReference; lastKnownFileType = sourcecode.swift; path = MyMapAppSwiftUIApp.swift; sourceTree = "<group>"; };
		1D111B1F2CAD7D7100CD860D /* ContentView.swift */ = {isa = PBXFileReference; lastKnownFileType = sourcecode.swift; path = ContentView.swift; sourceTree = "<group>"; };
		1D111B212CAD7D7400CD860D /* Assets.xcassets */ = {isa = PBXFileReference; lastKnownFileType = folder.assetcatalog; path = Assets.xcassets; sourceTree = "<group>"; };
		1D111B242CAD7D7400CD860D /* Preview Assets.xcassets */ = {isa = PBXFileReference; lastKnownFileType = folder.assetcatalog; path = "Preview Assets.xcassets"; sourceTree = "<group>"; };
		1D111B2E2CAD834C00CD860D /* Location.swift */ = {isa = PBXFileReference; lastKnownFileType = sourcecode.swift; path = Location.swift; sourceTree = "<group>"; };
		1D111B312CAD879D00CD860D /* LocalDataService.swift */ = {isa = PBXFileReference; lastKnownFileType = sourcecode.swift; path = LocalDataService.swift; sourceTree = "<group>"; };
		1D111B332CAD8FCE00CD860D /* LocationsView.swift */ = {isa = PBXFileReference; lastKnownFileType = sourcecode.swift; path = LocationsView.swift; sourceTree = "<group>"; };
		1D111B352CAD8FE200CD860D /* LocationsViewModel.swift */ = {isa = PBXFileReference; lastKnownFileType = sourcecode.swift; path = LocationsViewModel.swift; sourceTree = "<group>"; };
		1DFF03D42CB1D24E0097584D /* LocationMapAnnotationView.swift */ = {isa = PBXFileReference; lastKnownFileType = sourcecode.swift; path = LocationMapAnnotationView.swift; sourceTree = "<group>"; };
		1DFF03D62CB2A00B0097584D /* LocationDetailView.swift */ = {isa = PBXFileReference; lastKnownFileType = sourcecode.swift; path = LocationDetailView.swift; sourceTree = "<group>"; };
		F0638CDB2D40777F003525AD /* Router.swift */ = {isa = PBXFileReference; lastKnownFileType = sourcecode.swift; path = Router.swift; sourceTree = "<group>"; };
		F0638CDD2D408AA4003525AD /* AuthViewModel.swift */ = {isa = PBXFileReference; lastKnownFileType = sourcecode.swift; path = AuthViewModel.swift; sourceTree = "<group>"; };
		F06D7F112D4018E500DAF690 /* NewLocationView.swift */ = {isa = PBXFileReference; lastKnownFileType = sourcecode.swift; path = NewLocationView.swift; sourceTree = "<group>"; };
		F06D7F132D40203100DAF690 /* SelectLocationView.swift */ = {isa = PBXFileReference; lastKnownFileType = sourcecode.swift; path = SelectLocationView.swift; sourceTree = "<group>"; };
		F06D7F152D40395E00DAF690 /* NewLocationViewModel.swift */ = {isa = PBXFileReference; lastKnownFileType = sourcecode.swift; path = NewLocationViewModel.swift; sourceTree = "<group>"; };
		F06D7F182D404EB200DAF690 /* LoginView.swift */ = {isa = PBXFileReference; lastKnownFileType = sourcecode.swift; path = LoginView.swift; sourceTree = "<group>"; };
		F06D7F1A2D405E6900DAF690 /* RegisterView.swift */ = {isa = PBXFileReference; lastKnownFileType = sourcecode.swift; path = RegisterView.swift; sourceTree = "<group>"; };
		F07764AF2D4179F400165CFC /* GoogleService-Info.plist */ = {isa = PBXFileReference; fileEncoding = 4; lastKnownFileType = text.plist.xml; path = "GoogleService-Info.plist"; sourceTree = "<group>"; };
/* End PBXFileReference section */

/* Begin PBXFrameworksBuildPhase section */
		1D111B172CAD7D7100CD860D /* Frameworks */ = {
			isa = PBXFrameworksBuildPhase;
			buildActionMask = 2147483647;
			files = (
				F07764802D4177EF00165CFC /* FirebaseAnalytics in Frameworks */,
				F07764962D4177EF00165CFC /* FirebaseFirestore in Frameworks */,
				F07764822D4177EF00165CFC /* FirebaseAnalyticsOnDeviceConversion in Frameworks */,
				F07764A02D4177EF00165CFC /* FirebaseInstallations in Frameworks */,
				F0638CE12D4093F2003525AD /* SwiftfulRouting in Frameworks */,
				F07764862D4177EF00165CFC /* FirebaseAppCheck in Frameworks */,
				F077649E2D4177EF00165CFC /* FirebaseInAppMessaging-Beta in Frameworks */,
				F07764842D4177EF00165CFC /* FirebaseAnalyticsWithoutAdIdSupport in Frameworks */,
				F077648A2D4177EF00165CFC /* FirebaseAuth in Frameworks */,
				F077649C2D4177EF00165CFC /* FirebaseFunctionsCombine-Community in Frameworks */,
				F07764AC2D4177EF00165CFC /* FirebaseStorageCombine-Community in Frameworks */,
				F07764882D4177EF00165CFC /* FirebaseAppDistribution-Beta in Frameworks */,
				F07764AE2D4177EF00165CFC /* FirebaseVertexAI in Frameworks */,
				F07764AA2D4177EF00165CFC /* FirebaseStorage in Frameworks */,
				F07764A82D4177EF00165CFC /* FirebaseRemoteConfig in Frameworks */,
				F07764902D4177EF00165CFC /* FirebaseCrashlytics in Frameworks */,
				F07764A42D4177EF00165CFC /* FirebaseMessaging in Frameworks */,
				F07764A22D4177EF00165CFC /* FirebaseMLModelDownloader in Frameworks */,
				F07764A62D4177EF00165CFC /* FirebasePerformance in Frameworks */,
				F07764922D4177EF00165CFC /* FirebaseDatabase in Frameworks */,
				F077648E2D4177EF00165CFC /* FirebaseCore in Frameworks */,
				F077648C2D4177EF00165CFC /* FirebaseAuthCombine-Community in Frameworks */,
				F077649A2D4177EF00165CFC /* FirebaseFunctions in Frameworks */,
				F07764942D4177EF00165CFC /* FirebaseDynamicLinks in Frameworks */,
				F07764982D4177EF00165CFC /* FirebaseFirestoreCombine-Community in Frameworks */,
			);
			runOnlyForDeploymentPostprocessing = 0;
		};
/* End PBXFrameworksBuildPhase section */

/* Begin PBXGroup section */
		1D111B112CAD7D7100CD860D = {
			isa = PBXGroup;
			children = (
				1D111B1C2CAD7D7100CD860D /* MyMapAppSwiftUI */,
				1D111B1B2CAD7D7100CD860D /* Products */,
			);
			sourceTree = "<group>";
		};
		1D111B1B2CAD7D7100CD860D /* Products */ = {
			isa = PBXGroup;
			children = (
				1D111B1A2CAD7D7100CD860D /* MyMapAppSwiftUI.app */,
			);
			name = Products;
			sourceTree = "<group>";
		};
		1D111B1C2CAD7D7100CD860D /* MyMapAppSwiftUI */ = {
			isa = PBXGroup;
			children = (
				F0638CDA2D40776B003525AD /* Router */,
				1D111B302CAD873500CD860D /* DataServices */,
				1D111B2D2CAD834000CD860D /* Views */,
				1D111B2C2CAD833A00CD860D /* ViewModels */,
				1D111B2B2CAD833100CD860D /* Models */,
				1D111B1D2CAD7D7100CD860D /* MyMapAppSwiftUIApp.swift */,
				1D111B1F2CAD7D7100CD860D /* ContentView.swift */,
				1D111B212CAD7D7400CD860D /* Assets.xcassets */,
				F07764AF2D4179F400165CFC /* GoogleService-Info.plist */,
				1D111B232CAD7D7400CD860D /* Preview Content */,
			);
			path = MyMapAppSwiftUI;
			sourceTree = "<group>";
		};
		1D111B232CAD7D7400CD860D /* Preview Content */ = {
			isa = PBXGroup;
			children = (
				1D111B242CAD7D7400CD860D /* Preview Assets.xcassets */,
			);
			path = "Preview Content";
			sourceTree = "<group>";
		};
		1D111B2B2CAD833100CD860D /* Models */ = {
			isa = PBXGroup;
			children = (
				1D111B2E2CAD834C00CD860D /* Location.swift */,
			);
			path = Models;
			sourceTree = "<group>";
		};
		1D111B2C2CAD833A00CD860D /* ViewModels */ = {
			isa = PBXGroup;
			children = (
				1D111B352CAD8FE200CD860D /* LocationsViewModel.swift */,
				F06D7F152D40395E00DAF690 /* NewLocationViewModel.swift */,
				F0638CDD2D408AA4003525AD /* AuthViewModel.swift */,
			);
			path = ViewModels;
			sourceTree = "<group>";
		};
		1D111B2D2CAD834000CD860D /* Views */ = {
			isa = PBXGroup;
			children = (
				F06D7F172D404E9F00DAF690 /* Auth */,
				F06D7F102D4018CA00DAF690 /* NewLocation */,
				1D111B332CAD8FCE00CD860D /* LocationsView.swift */,
				1D0941902CB0526800E4F5D4 /* LocationsListView.swift */,
				1D0941922CB0865100E4F5D4 /* LocationPreviewView.swift */,
				1DFF03D42CB1D24E0097584D /* LocationMapAnnotationView.swift */,
				1DFF03D62CB2A00B0097584D /* LocationDetailView.swift */,
			);
			path = Views;
			sourceTree = "<group>";
		};
		1D111B302CAD873500CD860D /* DataServices */ = {
			isa = PBXGroup;
			children = (
				1D111B312CAD879D00CD860D /* LocalDataService.swift */,
			);
			path = DataServices;
			sourceTree = "<group>";
		};
		F0638CDA2D40776B003525AD /* Router */ = {
			isa = PBXGroup;
			children = (
				F0638CDB2D40777F003525AD /* Router.swift */,
			);
			path = Router;
			sourceTree = "<group>";
		};
		F06D7F102D4018CA00DAF690 /* NewLocation */ = {
			isa = PBXGroup;
			children = (
				F06D7F112D4018E500DAF690 /* NewLocationView.swift */,
				F06D7F132D40203100DAF690 /* SelectLocationView.swift */,
			);
			path = NewLocation;
			sourceTree = "<group>";
		};
		F06D7F172D404E9F00DAF690 /* Auth */ = {
			isa = PBXGroup;
			children = (
				F06D7F182D404EB200DAF690 /* LoginView.swift */,
				F06D7F1A2D405E6900DAF690 /* RegisterView.swift */,
			);
			path = Auth;
			sourceTree = "<group>";
		};
/* End PBXGroup section */

/* Begin PBXNativeTarget section */
		1D111B192CAD7D7100CD860D /* MyMapAppSwiftUI */ = {
			isa = PBXNativeTarget;
			buildConfigurationList = 1D111B282CAD7D7400CD860D /* Build configuration list for PBXNativeTarget "MyMapAppSwiftUI" */;
			buildPhases = (
				1D111B162CAD7D7100CD860D /* Sources */,
				1D111B172CAD7D7100CD860D /* Frameworks */,
				1D111B182CAD7D7100CD860D /* Resources */,
			);
			buildRules = (
			);
			dependencies = (
			);
			name = MyMapAppSwiftUI;
			packageProductDependencies = (
				F0638CE02D4093F2003525AD /* SwiftfulRouting */,
				F077647F2D4177EF00165CFC /* FirebaseAnalytics */,
				F07764812D4177EF00165CFC /* FirebaseAnalyticsOnDeviceConversion */,
				F07764832D4177EF00165CFC /* FirebaseAnalyticsWithoutAdIdSupport */,
				F07764852D4177EF00165CFC /* FirebaseAppCheck */,
				F07764872D4177EF00165CFC /* FirebaseAppDistribution-Beta */,
				F07764892D4177EF00165CFC /* FirebaseAuth */,
				F077648B2D4177EF00165CFC /* FirebaseAuthCombine-Community */,
				F077648D2D4177EF00165CFC /* FirebaseCore */,
				F077648F2D4177EF00165CFC /* FirebaseCrashlytics */,
				F07764912D4177EF00165CFC /* FirebaseDatabase */,
				F07764932D4177EF00165CFC /* FirebaseDynamicLinks */,
				F07764952D4177EF00165CFC /* FirebaseFirestore */,
				F07764972D4177EF00165CFC /* FirebaseFirestoreCombine-Community */,
				F07764992D4177EF00165CFC /* FirebaseFunctions */,
				F077649B2D4177EF00165CFC /* FirebaseFunctionsCombine-Community */,
				F077649D2D4177EF00165CFC /* FirebaseInAppMessaging-Beta */,
				F077649F2D4177EF00165CFC /* FirebaseInstallations */,
				F07764A12D4177EF00165CFC /* FirebaseMLModelDownloader */,
				F07764A32D4177EF00165CFC /* FirebaseMessaging */,
				F07764A52D4177EF00165CFC /* FirebasePerformance */,
				F07764A72D4177EF00165CFC /* FirebaseRemoteConfig */,
				F07764A92D4177EF00165CFC /* FirebaseStorage */,
				F07764AB2D4177EF00165CFC /* FirebaseStorageCombine-Community */,
				F07764AD2D4177EF00165CFC /* FirebaseVertexAI */,
			);
			productName = MyMapAppSwiftUI;
			productReference = 1D111B1A2CAD7D7100CD860D /* MyMapAppSwiftUI.app */;
			productType = "com.apple.product-type.application";
		};
/* End PBXNativeTarget section */

/* Begin PBXProject section */
		1D111B122CAD7D7100CD860D /* Project object */ = {
			isa = PBXProject;
			attributes = {
				BuildIndependentTargetsInParallel = 1;
				LastSwiftUpdateCheck = 1520;
				LastUpgradeCheck = 1520;
				TargetAttributes = {
					1D111B192CAD7D7100CD860D = {
						CreatedOnToolsVersion = 15.2;
					};
				};
			};
			buildConfigurationList = 1D111B152CAD7D7100CD860D /* Build configuration list for PBXProject "MyMapAppSwiftUI" */;
			compatibilityVersion = "Xcode 14.0";
			developmentRegion = en;
			hasScannedForEncodings = 0;
			knownRegions = (
				en,
				Base,
			);
			mainGroup = 1D111B112CAD7D7100CD860D;
			packageReferences = (
				F0638CDF2D4093F2003525AD /* XCRemoteSwiftPackageReference "SwiftfulRouting" */,
				F077647E2D4177EF00165CFC /* XCRemoteSwiftPackageReference "firebase-ios-sdk" */,
			);
			productRefGroup = 1D111B1B2CAD7D7100CD860D /* Products */;
			projectDirPath = "";
			projectRoot = "";
			targets = (
				1D111B192CAD7D7100CD860D /* MyMapAppSwiftUI */,
			);
		};
/* End PBXProject section */

/* Begin PBXResourcesBuildPhase section */
		1D111B182CAD7D7100CD860D /* Resources */ = {
			isa = PBXResourcesBuildPhase;
			buildActionMask = 2147483647;
			files = (
				1D111B252CAD7D7400CD860D /* Preview Assets.xcassets in Resources */,
				F07764B02D4179F400165CFC /* GoogleService-Info.plist in Resources */,
				1D111B222CAD7D7400CD860D /* Assets.xcassets in Resources */,
			);
			runOnlyForDeploymentPostprocessing = 0;
		};
/* End PBXResourcesBuildPhase section */

/* Begin PBXSourcesBuildPhase section */
		1D111B162CAD7D7100CD860D /* Sources */ = {
			isa = PBXSourcesBuildPhase;
			buildActionMask = 2147483647;
			files = (
				F06D7F122D4018E500DAF690 /* NewLocationView.swift in Sources */,
				1D111B202CAD7D7100CD860D /* ContentView.swift in Sources */,
				1DFF03D52CB1D24E0097584D /* LocationMapAnnotationView.swift in Sources */,
				F06D7F142D40203100DAF690 /* SelectLocationView.swift in Sources */,
				F06D7F162D40395E00DAF690 /* NewLocationViewModel.swift in Sources */,
				1D0941912CB0526800E4F5D4 /* LocationsListView.swift in Sources */,
				F06D7F1B2D405E6900DAF690 /* RegisterView.swift in Sources */,
				F0638CDE2D408AA4003525AD /* AuthViewModel.swift in Sources */,
				1D0941932CB0865100E4F5D4 /* LocationPreviewView.swift in Sources */,
				F0638CDC2D40777F003525AD /* Router.swift in Sources */,
				1D111B362CAD8FE200CD860D /* LocationsViewModel.swift in Sources */,
				F06D7F192D404EB200DAF690 /* LoginView.swift in Sources */,
				1D111B2F2CAD834C00CD860D /* Location.swift in Sources */,
				1D111B342CAD8FCE00CD860D /* LocationsView.swift in Sources */,
				1D111B1E2CAD7D7100CD860D /* MyMapAppSwiftUIApp.swift in Sources */,
				1DFF03D72CB2A00B0097584D /* LocationDetailView.swift in Sources */,
				1D111B322CAD879D00CD860D /* LocalDataService.swift in Sources */,
			);
			runOnlyForDeploymentPostprocessing = 0;
		};
/* End PBXSourcesBuildPhase section */

/* Begin XCBuildConfiguration section */
		1D111B262CAD7D7400CD860D /* Debug */ = {
			isa = XCBuildConfiguration;
			buildSettings = {
				ALWAYS_SEARCH_USER_PATHS = NO;
				ASSETCATALOG_COMPILER_GENERATE_SWIFT_ASSET_SYMBOL_EXTENSIONS = YES;
				CLANG_ANALYZER_NONNULL = YES;
				CLANG_ANALYZER_NUMBER_OBJECT_CONVERSION = YES_AGGRESSIVE;
				CLANG_CXX_LANGUAGE_STANDARD = "gnu++20";
				CLANG_ENABLE_MODULES = YES;
				CLANG_ENABLE_OBJC_ARC = YES;
				CLANG_ENABLE_OBJC_WEAK = YES;
				CLANG_WARN_BLOCK_CAPTURE_AUTORELEASING = YES;
				CLANG_WARN_BOOL_CONVERSION = YES;
				CLANG_WARN_COMMA = YES;
				CLANG_WARN_CONSTANT_CONVERSION = YES;
				CLANG_WARN_DEPRECATED_OBJC_IMPLEMENTATIONS = YES;
				CLANG_WARN_DIRECT_OBJC_ISA_USAGE = YES_ERROR;
				CLANG_WARN_DOCUMENTATION_COMMENTS = YES;
				CLANG_WARN_EMPTY_BODY = YES;
				CLANG_WARN_ENUM_CONVERSION = YES;
				CLANG_WARN_INFINITE_RECURSION = YES;
				CLANG_WARN_INT_CONVERSION = YES;
				CLANG_WARN_NON_LITERAL_NULL_CONVERSION = YES;
				CLANG_WARN_OBJC_IMPLICIT_RETAIN_SELF = YES;
				CLANG_WARN_OBJC_LITERAL_CONVERSION = YES;
				CLANG_WARN_OBJC_ROOT_CLASS = YES_ERROR;
				CLANG_WARN_QUOTED_INCLUDE_IN_FRAMEWORK_HEADER = YES;
				CLANG_WARN_RANGE_LOOP_ANALYSIS = YES;
				CLANG_WARN_STRICT_PROTOTYPES = YES;
				CLANG_WARN_SUSPICIOUS_MOVE = YES;
				CLANG_WARN_UNGUARDED_AVAILABILITY = YES_AGGRESSIVE;
				CLANG_WARN_UNREACHABLE_CODE = YES;
				CLANG_WARN__DUPLICATE_METHOD_MATCH = YES;
				COPY_PHASE_STRIP = NO;
				DEBUG_INFORMATION_FORMAT = dwarf;
				ENABLE_STRICT_OBJC_MSGSEND = YES;
				ENABLE_TESTABILITY = YES;
				ENABLE_USER_SCRIPT_SANDBOXING = YES;
				GCC_C_LANGUAGE_STANDARD = gnu17;
				GCC_DYNAMIC_NO_PIC = NO;
				GCC_NO_COMMON_BLOCKS = YES;
				GCC_OPTIMIZATION_LEVEL = 0;
				GCC_PREPROCESSOR_DEFINITIONS = (
					"DEBUG=1",
					"$(inherited)",
				);
				GCC_WARN_64_TO_32_BIT_CONVERSION = YES;
				GCC_WARN_ABOUT_RETURN_TYPE = YES_ERROR;
				GCC_WARN_UNDECLARED_SELECTOR = YES;
				GCC_WARN_UNINITIALIZED_AUTOS = YES_AGGRESSIVE;
				GCC_WARN_UNUSED_FUNCTION = YES;
				GCC_WARN_UNUSED_VARIABLE = YES;
				IPHONEOS_DEPLOYMENT_TARGET = 17.2;
				LOCALIZATION_PREFERS_STRING_CATALOGS = YES;
				MTL_ENABLE_DEBUG_INFO = INCLUDE_SOURCE;
				MTL_FAST_MATH = YES;
				ONLY_ACTIVE_ARCH = YES;
				SDKROOT = iphoneos;
				SWIFT_ACTIVE_COMPILATION_CONDITIONS = "DEBUG $(inherited)";
				SWIFT_OPTIMIZATION_LEVEL = "-Onone";
			};
			name = Debug;
		};
		1D111B272CAD7D7400CD860D /* Release */ = {
			isa = XCBuildConfiguration;
			buildSettings = {
				ALWAYS_SEARCH_USER_PATHS = NO;
				ASSETCATALOG_COMPILER_GENERATE_SWIFT_ASSET_SYMBOL_EXTENSIONS = YES;
				CLANG_ANALYZER_NONNULL = YES;
				CLANG_ANALYZER_NUMBER_OBJECT_CONVERSION = YES_AGGRESSIVE;
				CLANG_CXX_LANGUAGE_STANDARD = "gnu++20";
				CLANG_ENABLE_MODULES = YES;
				CLANG_ENABLE_OBJC_ARC = YES;
				CLANG_ENABLE_OBJC_WEAK = YES;
				CLANG_WARN_BLOCK_CAPTURE_AUTORELEASING = YES;
				CLANG_WARN_BOOL_CONVERSION = YES;
				CLANG_WARN_COMMA = YES;
				CLANG_WARN_CONSTANT_CONVERSION = YES;
				CLANG_WARN_DEPRECATED_OBJC_IMPLEMENTATIONS = YES;
				CLANG_WARN_DIRECT_OBJC_ISA_USAGE = YES_ERROR;
				CLANG_WARN_DOCUMENTATION_COMMENTS = YES;
				CLANG_WARN_EMPTY_BODY = YES;
				CLANG_WARN_ENUM_CONVERSION = YES;
				CLANG_WARN_INFINITE_RECURSION = YES;
				CLANG_WARN_INT_CONVERSION = YES;
				CLANG_WARN_NON_LITERAL_NULL_CONVERSION = YES;
				CLANG_WARN_OBJC_IMPLICIT_RETAIN_SELF = YES;
				CLANG_WARN_OBJC_LITERAL_CONVERSION = YES;
				CLANG_WARN_OBJC_ROOT_CLASS = YES_ERROR;
				CLANG_WARN_QUOTED_INCLUDE_IN_FRAMEWORK_HEADER = YES;
				CLANG_WARN_RANGE_LOOP_ANALYSIS = YES;
				CLANG_WARN_STRICT_PROTOTYPES = YES;
				CLANG_WARN_SUSPICIOUS_MOVE = YES;
				CLANG_WARN_UNGUARDED_AVAILABILITY = YES_AGGRESSIVE;
				CLANG_WARN_UNREACHABLE_CODE = YES;
				CLANG_WARN__DUPLICATE_METHOD_MATCH = YES;
				COPY_PHASE_STRIP = NO;
				DEBUG_INFORMATION_FORMAT = "dwarf-with-dsym";
				ENABLE_NS_ASSERTIONS = NO;
				ENABLE_STRICT_OBJC_MSGSEND = YES;
				ENABLE_USER_SCRIPT_SANDBOXING = YES;
				GCC_C_LANGUAGE_STANDARD = gnu17;
				GCC_NO_COMMON_BLOCKS = YES;
				GCC_WARN_64_TO_32_BIT_CONVERSION = YES;
				GCC_WARN_ABOUT_RETURN_TYPE = YES_ERROR;
				GCC_WARN_UNDECLARED_SELECTOR = YES;
				GCC_WARN_UNINITIALIZED_AUTOS = YES_AGGRESSIVE;
				GCC_WARN_UNUSED_FUNCTION = YES;
				GCC_WARN_UNUSED_VARIABLE = YES;
				IPHONEOS_DEPLOYMENT_TARGET = 17.2;
				LOCALIZATION_PREFERS_STRING_CATALOGS = YES;
				MTL_ENABLE_DEBUG_INFO = NO;
				MTL_FAST_MATH = YES;
				SDKROOT = iphoneos;
				SWIFT_COMPILATION_MODE = wholemodule;
				VALIDATE_PRODUCT = YES;
			};
			name = Release;
		};
		1D111B292CAD7D7400CD860D /* Debug */ = {
			isa = XCBuildConfiguration;
			buildSettings = {
				ASSETCATALOG_COMPILER_APPICON_NAME = AppIcon;
				ASSETCATALOG_COMPILER_GLOBAL_ACCENT_COLOR_NAME = AccentColor;
				CODE_SIGN_STYLE = Automatic;
				CURRENT_PROJECT_VERSION = 1;
				DEVELOPMENT_ASSET_PATHS = "\"MyMapAppSwiftUI/Preview Content\"";
				DEVELOPMENT_TEAM = J9YF63537C;
				ENABLE_PREVIEWS = YES;
				GENERATE_INFOPLIST_FILE = YES;
				INFOPLIST_KEY_UIApplicationSceneManifest_Generation = YES;
				INFOPLIST_KEY_UIApplicationSupportsIndirectInputEvents = YES;
				INFOPLIST_KEY_UILaunchScreen_Generation = YES;
				INFOPLIST_KEY_UISupportedInterfaceOrientations_iPad = "UIInterfaceOrientationPortrait UIInterfaceOrientationPortraitUpsideDown UIInterfaceOrientationLandscapeLeft UIInterfaceOrientationLandscapeRight";
				INFOPLIST_KEY_UISupportedInterfaceOrientations_iPhone = "UIInterfaceOrientationPortrait UIInterfaceOrientationLandscapeLeft UIInterfaceOrientationLandscapeRight";
				LD_RUNPATH_SEARCH_PATHS = (
					"$(inherited)",
					"@executable_path/Frameworks",
				);
				MARKETING_VERSION = 1.0;
				PRODUCT_BUNDLE_IDENTIFIER = com.huseyingundogdu.MyMapAppSwiftUI;
				PRODUCT_NAME = "$(TARGET_NAME)";
				SWIFT_EMIT_LOC_STRINGS = YES;
				SWIFT_VERSION = 5.0;
				TARGETED_DEVICE_FAMILY = "1,2";
			};
			name = Debug;
		};
		1D111B2A2CAD7D7400CD860D /* Release */ = {
			isa = XCBuildConfiguration;
			buildSettings = {
				ASSETCATALOG_COMPILER_APPICON_NAME = AppIcon;
				ASSETCATALOG_COMPILER_GLOBAL_ACCENT_COLOR_NAME = AccentColor;
				CODE_SIGN_STYLE = Automatic;
				CURRENT_PROJECT_VERSION = 1;
				DEVELOPMENT_ASSET_PATHS = "\"MyMapAppSwiftUI/Preview Content\"";
				DEVELOPMENT_TEAM = J9YF63537C;
				ENABLE_PREVIEWS = YES;
				GENERATE_INFOPLIST_FILE = YES;
				INFOPLIST_KEY_UIApplicationSceneManifest_Generation = YES;
				INFOPLIST_KEY_UIApplicationSupportsIndirectInputEvents = YES;
				INFOPLIST_KEY_UILaunchScreen_Generation = YES;
				INFOPLIST_KEY_UISupportedInterfaceOrientations_iPad = "UIInterfaceOrientationPortrait UIInterfaceOrientationPortraitUpsideDown UIInterfaceOrientationLandscapeLeft UIInterfaceOrientationLandscapeRight";
				INFOPLIST_KEY_UISupportedInterfaceOrientations_iPhone = "UIInterfaceOrientationPortrait UIInterfaceOrientationLandscapeLeft UIInterfaceOrientationLandscapeRight";
				LD_RUNPATH_SEARCH_PATHS = (
					"$(inherited)",
					"@executable_path/Frameworks",
				);
				MARKETING_VERSION = 1.0;
				PRODUCT_BUNDLE_IDENTIFIER = com.huseyingundogdu.MyMapAppSwiftUI;
				PRODUCT_NAME = "$(TARGET_NAME)";
				SWIFT_EMIT_LOC_STRINGS = YES;
				SWIFT_VERSION = 5.0;
				TARGETED_DEVICE_FAMILY = "1,2";
			};
			name = Release;
		};
/* End XCBuildConfiguration section */

/* Begin XCConfigurationList section */
		1D111B152CAD7D7100CD860D /* Build configuration list for PBXProject "MyMapAppSwiftUI" */ = {
			isa = XCConfigurationList;
			buildConfigurations = (
				1D111B262CAD7D7400CD860D /* Debug */,
				1D111B272CAD7D7400CD860D /* Release */,
			);
			defaultConfigurationIsVisible = 0;
			defaultConfigurationName = Release;
		};
		1D111B282CAD7D7400CD860D /* Build configuration list for PBXNativeTarget "MyMapAppSwiftUI" */ = {
			isa = XCConfigurationList;
			buildConfigurations = (
				1D111B292CAD7D7400CD860D /* Debug */,
				1D111B2A2CAD7D7400CD860D /* Release */,
			);
			defaultConfigurationIsVisible = 0;
			defaultConfigurationName = Release;
		};
/* End XCConfigurationList section */

/* Begin XCRemoteSwiftPackageReference section */
		F0638CDF2D4093F2003525AD /* XCRemoteSwiftPackageReference "SwiftfulRouting" */ = {
			isa = XCRemoteSwiftPackageReference;
			repositoryURL = "https://github.com/SwiftfulThinking/SwiftfulRouting.git";
			requirement = {
				kind = upToNextMajorVersion;
				minimumVersion = 5.3.6;
			};
		};
		F077647E2D4177EF00165CFC /* XCRemoteSwiftPackageReference "firebase-ios-sdk" */ = {
			isa = XCRemoteSwiftPackageReference;
			repositoryURL = "https://github.com/firebase/firebase-ios-sdk";
			requirement = {
				kind = upToNextMajorVersion;
				minimumVersion = 11.7.0;
			};
		};
/* End XCRemoteSwiftPackageReference section */

/* Begin XCSwiftPackageProductDependency section */
		F0638CE02D4093F2003525AD /* SwiftfulRouting */ = {
			isa = XCSwiftPackageProductDependency;
			package = F0638CDF2D4093F2003525AD /* XCRemoteSwiftPackageReference "SwiftfulRouting" */;
			productName = SwiftfulRouting;
		};
		F077647F2D4177EF00165CFC /* FirebaseAnalytics */ = {
			isa = XCSwiftPackageProductDependency;
			package = F077647E2D4177EF00165CFC /* XCRemoteSwiftPackageReference "firebase-ios-sdk" */;
			productName = FirebaseAnalytics;
		};
		F07764812D4177EF00165CFC /* FirebaseAnalyticsOnDeviceConversion */ = {
			isa = XCSwiftPackageProductDependency;
			package = F077647E2D4177EF00165CFC /* XCRemoteSwiftPackageReference "firebase-ios-sdk" */;
			productName = FirebaseAnalyticsOnDeviceConversion;
		};
		F07764832D4177EF00165CFC /* FirebaseAnalyticsWithoutAdIdSupport */ = {
			isa = XCSwiftPackageProductDependency;
			package = F077647E2D4177EF00165CFC /* XCRemoteSwiftPackageReference "firebase-ios-sdk" */;
			productName = FirebaseAnalyticsWithoutAdIdSupport;
		};
		F07764852D4177EF00165CFC /* FirebaseAppCheck */ = {
			isa = XCSwiftPackageProductDependency;
			package = F077647E2D4177EF00165CFC /* XCRemoteSwiftPackageReference "firebase-ios-sdk" */;
			productName = FirebaseAppCheck;
		};
		F07764872D4177EF00165CFC /* FirebaseAppDistribution-Beta */ = {
			isa = XCSwiftPackageProductDependency;
			package = F077647E2D4177EF00165CFC /* XCRemoteSwiftPackageReference "firebase-ios-sdk" */;
			productName = "FirebaseAppDistribution-Beta";
		};
		F07764892D4177EF00165CFC /* FirebaseAuth */ = {
			isa = XCSwiftPackageProductDependency;
			package = F077647E2D4177EF00165CFC /* XCRemoteSwiftPackageReference "firebase-ios-sdk" */;
			productName = FirebaseAuth;
		};
		F077648B2D4177EF00165CFC /* FirebaseAuthCombine-Community */ = {
			isa = XCSwiftPackageProductDependency;
			package = F077647E2D4177EF00165CFC /* XCRemoteSwiftPackageReference "firebase-ios-sdk" */;
			productName = "FirebaseAuthCombine-Community";
		};
		F077648D2D4177EF00165CFC /* FirebaseCore */ = {
			isa = XCSwiftPackageProductDependency;
			package = F077647E2D4177EF00165CFC /* XCRemoteSwiftPackageReference "firebase-ios-sdk" */;
			productName = FirebaseCore;
		};
		F077648F2D4177EF00165CFC /* FirebaseCrashlytics */ = {
			isa = XCSwiftPackageProductDependency;
			package = F077647E2D4177EF00165CFC /* XCRemoteSwiftPackageReference "firebase-ios-sdk" */;
			productName = FirebaseCrashlytics;
		};
		F07764912D4177EF00165CFC /* FirebaseDatabase */ = {
			isa = XCSwiftPackageProductDependency;
			package = F077647E2D4177EF00165CFC /* XCRemoteSwiftPackageReference "firebase-ios-sdk" */;
			productName = FirebaseDatabase;
		};
		F07764932D4177EF00165CFC /* FirebaseDynamicLinks */ = {
			isa = XCSwiftPackageProductDependency;
			package = F077647E2D4177EF00165CFC /* XCRemoteSwiftPackageReference "firebase-ios-sdk" */;
			productName = FirebaseDynamicLinks;
		};
		F07764952D4177EF00165CFC /* FirebaseFirestore */ = {
			isa = XCSwiftPackageProductDependency;
			package = F077647E2D4177EF00165CFC /* XCRemoteSwiftPackageReference "firebase-ios-sdk" */;
			productName = FirebaseFirestore;
		};
		F07764972D4177EF00165CFC /* FirebaseFirestoreCombine-Community */ = {
			isa = XCSwiftPackageProductDependency;
			package = F077647E2D4177EF00165CFC /* XCRemoteSwiftPackageReference "firebase-ios-sdk" */;
			productName = "FirebaseFirestoreCombine-Community";
		};
		F07764992D4177EF00165CFC /* FirebaseFunctions */ = {
			isa = XCSwiftPackageProductDependency;
			package = F077647E2D4177EF00165CFC /* XCRemoteSwiftPackageReference "firebase-ios-sdk" */;
			productName = FirebaseFunctions;
		};
		F077649B2D4177EF00165CFC /* FirebaseFunctionsCombine-Community */ = {
			isa = XCSwiftPackageProductDependency;
			package = F077647E2D4177EF00165CFC /* XCRemoteSwiftPackageReference "firebase-ios-sdk" */;
			productName = "FirebaseFunctionsCombine-Community";
		};
		F077649D2D4177EF00165CFC /* FirebaseInAppMessaging-Beta */ = {
			isa = XCSwiftPackageProductDependency;
			package = F077647E2D4177EF00165CFC /* XCRemoteSwiftPackageReference "firebase-ios-sdk" */;
			productName = "FirebaseInAppMessaging-Beta";
		};
		F077649F2D4177EF00165CFC /* FirebaseInstallations */ = {
			isa = XCSwiftPackageProductDependency;
			package = F077647E2D4177EF00165CFC /* XCRemoteSwiftPackageReference "firebase-ios-sdk" */;
			productName = FirebaseInstallations;
		};
		F07764A12D4177EF00165CFC /* FirebaseMLModelDownloader */ = {
			isa = XCSwiftPackageProductDependency;
			package = F077647E2D4177EF00165CFC /* XCRemoteSwiftPackageReference "firebase-ios-sdk" */;
			productName = FirebaseMLModelDownloader;
		};
		F07764A32D4177EF00165CFC /* FirebaseMessaging */ = {
			isa = XCSwiftPackageProductDependency;
			package = F077647E2D4177EF00165CFC /* XCRemoteSwiftPackageReference "firebase-ios-sdk" */;
			productName = FirebaseMessaging;
		};
		F07764A52D4177EF00165CFC /* FirebasePerformance */ = {
			isa = XCSwiftPackageProductDependency;
			package = F077647E2D4177EF00165CFC /* XCRemoteSwiftPackageReference "firebase-ios-sdk" */;
			productName = FirebasePerformance;
		};
		F07764A72D4177EF00165CFC /* FirebaseRemoteConfig */ = {
			isa = XCSwiftPackageProductDependency;
			package = F077647E2D4177EF00165CFC /* XCRemoteSwiftPackageReference "firebase-ios-sdk" */;
			productName = FirebaseRemoteConfig;
		};
		F07764A92D4177EF00165CFC /* FirebaseStorage */ = {
			isa = XCSwiftPackageProductDependency;
			package = F077647E2D4177EF00165CFC /* XCRemoteSwiftPackageReference "firebase-ios-sdk" */;
			productName = FirebaseStorage;
		};
		F07764AB2D4177EF00165CFC /* FirebaseStorageCombine-Community */ = {
			isa = XCSwiftPackageProductDependency;
			package = F077647E2D4177EF00165CFC /* XCRemoteSwiftPackageReference "firebase-ios-sdk" */;
			productName = "FirebaseStorageCombine-Community";
		};
		F07764AD2D4177EF00165CFC /* FirebaseVertexAI */ = {
			isa = XCSwiftPackageProductDependency;
			package = F077647E2D4177EF00165CFC /* XCRemoteSwiftPackageReference "firebase-ios-sdk" */;
			productName = FirebaseVertexAI;
		};
/* End XCSwiftPackageProductDependency section */
	};
	rootObject = 1D111B122CAD7D7100CD860D /* Project object */;
}
